// !$*UTF8*$!
{
	archiveVersion = 1;
	classes = {
	};
	objectVersion = 55;
	objects = {

/* Begin PBXBuildFile section */
		5C488F9626C2FF5200D7F05E /* CouchData in Frameworks */ = {isa = PBXBuildFile; productRef = 5C488F9526C2FF5200D7F05E /* CouchData */; };
		5C488F9826C2FF5B00D7F05E /* CouchData in Frameworks */ = {isa = PBXBuildFile; productRef = 5C488F9726C2FF5B00D7F05E /* CouchData */; };
		5C488F9A26C2FF7100D7F05E /* CouchData in Frameworks */ = {isa = PBXBuildFile; productRef = 5C488F9926C2FF7100D7F05E /* CouchData */; };
		5CC1A7AA26C2EBF700291FD1 /* App.swift in Sources */ = {isa = PBXBuildFile; fileRef = 5CC1A79C26C2EBF600291FD1 /* App.swift */; };
		5CC1A7AB26C2EBF700291FD1 /* App.swift in Sources */ = {isa = PBXBuildFile; fileRef = 5CC1A79C26C2EBF600291FD1 /* App.swift */; };
		5CC1A7AC26C2EBF700291FD1 /* ContentView.swift in Sources */ = {isa = PBXBuildFile; fileRef = 5CC1A79D26C2EBF600291FD1 /* ContentView.swift */; };
		5CC1A7AD26C2EBF700291FD1 /* ContentView.swift in Sources */ = {isa = PBXBuildFile; fileRef = 5CC1A79D26C2EBF600291FD1 /* ContentView.swift */; };
		5CC1A7AE26C2EBF700291FD1 /* Assets.xcassets in Resources */ = {isa = PBXBuildFile; fileRef = 5CC1A79E26C2EBF700291FD1 /* Assets.xcassets */; };
		5CC1A7AF26C2EBF700291FD1 /* Assets.xcassets in Resources */ = {isa = PBXBuildFile; fileRef = 5CC1A79E26C2EBF700291FD1 /* Assets.xcassets */; };
		5CD5A2EF26C2F30E006BC655 /* Assets.xcassets in Resources */ = {isa = PBXBuildFile; fileRef = 5CC1A79E26C2EBF700291FD1 /* Assets.xcassets */; };
		5CE60E4826C2F4A300A614A6 /* App.swift in Sources */ = {isa = PBXBuildFile; fileRef = 5CC1A79C26C2EBF600291FD1 /* App.swift */; };
		5CE60E4926C2F4A700A614A6 /* ContentView.swift in Sources */ = {isa = PBXBuildFile; fileRef = 5CC1A79D26C2EBF600291FD1 /* ContentView.swift */; };
/* End PBXBuildFile section */

/* Begin PBXFileReference section */
		5CC1A79C26C2EBF600291FD1 /* App.swift */ = {isa = PBXFileReference; lastKnownFileType = sourcecode.swift; path = App.swift; sourceTree = "<group>"; };
		5CC1A79D26C2EBF600291FD1 /* ContentView.swift */ = {isa = PBXFileReference; lastKnownFileType = sourcecode.swift; path = ContentView.swift; sourceTree = "<group>"; };
		5CC1A79E26C2EBF700291FD1 /* Assets.xcassets */ = {isa = PBXFileReference; lastKnownFileType = folder.assetcatalog; path = Assets.xcassets; sourceTree = "<group>"; };
		5CC1A7A326C2EBF700291FD1 /* Couchnado.app */ = {isa = PBXFileReference; explicitFileType = wrapper.application; includeInIndex = 0; path = Couchnado.app; sourceTree = BUILT_PRODUCTS_DIR; };
		5CC1A7A926C2EBF700291FD1 /* Couchnado.app */ = {isa = PBXFileReference; explicitFileType = wrapper.application; includeInIndex = 0; path = Couchnado.app; sourceTree = BUILT_PRODUCTS_DIR; };
		5CC1A7BD26C2EE2400291FD1 /* Couchnado.app */ = {isa = PBXFileReference; explicitFileType = wrapper.application; includeInIndex = 0; path = Couchnado.app; sourceTree = BUILT_PRODUCTS_DIR; };
/* End PBXFileReference section */

/* Begin PBXFrameworksBuildPhase section */
		5CC1A7A026C2EBF700291FD1 /* Frameworks */ = {
			isa = PBXFrameworksBuildPhase;
			buildActionMask = 2147483647;
			files = (
				5C488F9626C2FF5200D7F05E /* CouchData in Frameworks */,
			);
			runOnlyForDeploymentPostprocessing = 0;
		};
		5CC1A7A626C2EBF700291FD1 /* Frameworks */ = {
			isa = PBXFrameworksBuildPhase;
			buildActionMask = 2147483647;
			files = (
				5C488F9826C2FF5B00D7F05E /* CouchData in Frameworks */,
			);
			runOnlyForDeploymentPostprocessing = 0;
		};
		5CC1A7BA26C2EE2400291FD1 /* Frameworks */ = {
			isa = PBXFrameworksBuildPhase;
			buildActionMask = 2147483647;
			files = (
				5C488F9A26C2FF7100D7F05E /* CouchData in Frameworks */,
			);
			runOnlyForDeploymentPostprocessing = 0;
		};
/* End PBXFrameworksBuildPhase section */

/* Begin PBXGroup section */
		5CC1A79626C2EBF600291FD1 = {
			isa = PBXGroup;
			children = (
				5CC1A79B26C2EBF600291FD1 /* Shared */,
				5CC1A7A426C2EBF700291FD1 /* Products */,
			);
			sourceTree = "<group>";
		};
		5CC1A79B26C2EBF600291FD1 /* Shared */ = {
			isa = PBXGroup;
			children = (
				5CC1A79C26C2EBF600291FD1 /* App.swift */,
				5CC1A79D26C2EBF600291FD1 /* ContentView.swift */,
				5CC1A79E26C2EBF700291FD1 /* Assets.xcassets */,
			);
			path = Shared;
			sourceTree = "<group>";
		};
		5CC1A7A426C2EBF700291FD1 /* Products */ = {
			isa = PBXGroup;
			children = (
				5CC1A7A326C2EBF700291FD1 /* Couchnado.app */,
				5CC1A7A926C2EBF700291FD1 /* Couchnado.app */,
				5CC1A7BD26C2EE2400291FD1 /* Couchnado.app */,
			);
			name = Products;
			sourceTree = "<group>";
		};
/* End PBXGroup section */

/* Begin PBXNativeTarget section */
		5CC1A7A226C2EBF700291FD1 /* Couchnado (iOS) */ = {
			isa = PBXNativeTarget;
			buildConfigurationList = 5CC1A7B226C2EBF700291FD1 /* Build configuration list for PBXNativeTarget "Couchnado (iOS)" */;
			buildPhases = (
				5CC1A79F26C2EBF700291FD1 /* Sources */,
				5CC1A7A026C2EBF700291FD1 /* Frameworks */,
				5CC1A7A126C2EBF700291FD1 /* Resources */,
			);
			buildRules = (
			);
			dependencies = (
			);
			name = "Couchnado (iOS)";
			packageProductDependencies = (
				5C488F9526C2FF5200D7F05E /* CouchData */,
			);
			productName = "Couchnado (iOS)";
			productReference = 5CC1A7A326C2EBF700291FD1 /* Couchnado.app */;
			productType = "com.apple.product-type.application";
		};
		5CC1A7A826C2EBF700291FD1 /* Couchnado (macOS) */ = {
			isa = PBXNativeTarget;
			buildConfigurationList = 5CC1A7B526C2EBF700291FD1 /* Build configuration list for PBXNativeTarget "Couchnado (macOS)" */;
			buildPhases = (
				5CC1A7A526C2EBF700291FD1 /* Sources */,
				5CC1A7A626C2EBF700291FD1 /* Frameworks */,
				5CC1A7A726C2EBF700291FD1 /* Resources */,
			);
			buildRules = (
			);
			dependencies = (
			);
			name = "Couchnado (macOS)";
			packageProductDependencies = (
				5C488F9726C2FF5B00D7F05E /* CouchData */,
			);
			productName = "Couchnado (macOS)";
			productReference = 5CC1A7A926C2EBF700291FD1 /* Couchnado.app */;
			productType = "com.apple.product-type.application";
		};
		5CC1A7BC26C2EE2400291FD1 /* Couchnado (tvOS) */ = {
			isa = PBXNativeTarget;
			buildConfigurationList = 5CC1A7C826C2EE2500291FD1 /* Build configuration list for PBXNativeTarget "Couchnado (tvOS)" */;
			buildPhases = (
				5CC1A7B926C2EE2400291FD1 /* Sources */,
				5CC1A7BA26C2EE2400291FD1 /* Frameworks */,
				5CC1A7BB26C2EE2400291FD1 /* Resources */,
			);
			buildRules = (
			);
			dependencies = (
			);
			name = "Couchnado (tvOS)";
			packageProductDependencies = (
				5C488F9926C2FF7100D7F05E /* CouchData */,
			);
			productName = "Couchnado (tvOS)";
			productReference = 5CC1A7BD26C2EE2400291FD1 /* Couchnado.app */;
			productType = "com.apple.product-type.application";
		};
/* End PBXNativeTarget section */

/* Begin PBXProject section */
		5CC1A79726C2EBF600291FD1 /* Project object */ = {
			isa = PBXProject;
			attributes = {
				BuildIndependentTargetsInParallel = 1;
				LastSwiftUpdateCheck = 1300;
				LastUpgradeCheck = 1300;
				TargetAttributes = {
					5CC1A7A226C2EBF700291FD1 = {
						CreatedOnToolsVersion = 13.0;
					};
					5CC1A7A826C2EBF700291FD1 = {
						CreatedOnToolsVersion = 13.0;
					};
					5CC1A7BC26C2EE2400291FD1 = {
						CreatedOnToolsVersion = 13.0;
					};
				};
			};
			buildConfigurationList = 5CC1A79A26C2EBF600291FD1 /* Build configuration list for PBXProject "Couchnado" */;
			compatibilityVersion = "Xcode 13.0";
			developmentRegion = en;
			hasScannedForEncodings = 0;
			knownRegions = (
				en,
				Base,
			);
			mainGroup = 5CC1A79626C2EBF600291FD1;
			productRefGroup = 5CC1A7A426C2EBF700291FD1 /* Products */;
			projectDirPath = "";
			projectRoot = "";
			targets = (
				5CC1A7A226C2EBF700291FD1 /* Couchnado (iOS) */,
				5CC1A7A826C2EBF700291FD1 /* Couchnado (macOS) */,
				5CC1A7BC26C2EE2400291FD1 /* Couchnado (tvOS) */,
			);
		};
/* End PBXProject section */

/* Begin PBXResourcesBuildPhase section */
		5CC1A7A126C2EBF700291FD1 /* Resources */ = {
			isa = PBXResourcesBuildPhase;
			buildActionMask = 2147483647;
			files = (
				5CC1A7AE26C2EBF700291FD1 /* Assets.xcassets in Resources */,
			);
			runOnlyForDeploymentPostprocessing = 0;
		};
		5CC1A7A726C2EBF700291FD1 /* Resources */ = {
			isa = PBXResourcesBuildPhase;
			buildActionMask = 2147483647;
			files = (
				5CC1A7AF26C2EBF700291FD1 /* Assets.xcassets in Resources */,
			);
			runOnlyForDeploymentPostprocessing = 0;
		};
		5CC1A7BB26C2EE2400291FD1 /* Resources */ = {
			isa = PBXResourcesBuildPhase;
			buildActionMask = 2147483647;
			files = (
				5CD5A2EF26C2F30E006BC655 /* Assets.xcassets in Resources */,
			);
			runOnlyForDeploymentPostprocessing = 0;
		};
/* End PBXResourcesBuildPhase section */

/* Begin PBXSourcesBuildPhase section */
		5CC1A79F26C2EBF700291FD1 /* Sources */ = {
			isa = PBXSourcesBuildPhase;
			buildActionMask = 2147483647;
			files = (
				5CC1A7AC26C2EBF700291FD1 /* ContentView.swift in Sources */,
				5CC1A7AA26C2EBF700291FD1 /* App.swift in Sources */,
			);
			runOnlyForDeploymentPostprocessing = 0;
		};
		5CC1A7A526C2EBF700291FD1 /* Sources */ = {
			isa = PBXSourcesBuildPhase;
			buildActionMask = 2147483647;
			files = (
				5CC1A7AD26C2EBF700291FD1 /* ContentView.swift in Sources */,
				5CC1A7AB26C2EBF700291FD1 /* App.swift in Sources */,
			);
			runOnlyForDeploymentPostprocessing = 0;
		};
		5CC1A7B926C2EE2400291FD1 /* Sources */ = {
			isa = PBXSourcesBuildPhase;
			buildActionMask = 2147483647;
			files = (
				5CE60E4926C2F4A700A614A6 /* ContentView.swift in Sources */,
				5CE60E4826C2F4A300A614A6 /* App.swift in Sources */,
			);
			runOnlyForDeploymentPostprocessing = 0;
		};
/* End PBXSourcesBuildPhase section */

/* Begin XCBuildConfiguration section */
		5CC1A7B026C2EBF700291FD1 /* Debug */ = {
			isa = XCBuildConfiguration;
			buildSettings = {
				ALWAYS_SEARCH_USER_PATHS = NO;
				CLANG_ANALYZER_NONNULL = YES;
				CLANG_ANALYZER_NUMBER_OBJECT_CONVERSION = YES_AGGRESSIVE;
				CLANG_CXX_LANGUAGE_STANDARD = "gnu++17";
				CLANG_CXX_LIBRARY = "libc++";
				CLANG_ENABLE_MODULES = YES;
				CLANG_ENABLE_OBJC_ARC = YES;
				CLANG_ENABLE_OBJC_WEAK = YES;
				CLANG_WARN_BLOCK_CAPTURE_AUTORELEASING = YES;
				CLANG_WARN_BOOL_CONVERSION = YES;
				CLANG_WARN_COMMA = YES;
				CLANG_WARN_CONSTANT_CONVERSION = YES;
				CLANG_WARN_DEPRECATED_OBJC_IMPLEMENTATIONS = YES;
				CLANG_WARN_DIRECT_OBJC_ISA_USAGE = YES_ERROR;
				CLANG_WARN_DOCUMENTATION_COMMENTS = YES;
				CLANG_WARN_EMPTY_BODY = YES;
				CLANG_WARN_ENUM_CONVERSION = YES;
				CLANG_WARN_INFINITE_RECURSION = YES;
				CLANG_WARN_INT_CONVERSION = YES;
				CLANG_WARN_NON_LITERAL_NULL_CONVERSION = YES;
				CLANG_WARN_OBJC_IMPLICIT_RETAIN_SELF = YES;
				CLANG_WARN_OBJC_LITERAL_CONVERSION = YES;
				CLANG_WARN_OBJC_ROOT_CLASS = YES_ERROR;
				CLANG_WARN_QUOTED_INCLUDE_IN_FRAMEWORK_HEADER = YES;
				CLANG_WARN_RANGE_LOOP_ANALYSIS = YES;
				CLANG_WARN_STRICT_PROTOTYPES = YES;
				CLANG_WARN_SUSPICIOUS_MOVE = YES;
				CLANG_WARN_UNGUARDED_AVAILABILITY = YES_AGGRESSIVE;
				CLANG_WARN_UNREACHABLE_CODE = YES;
				CLANG_WARN__DUPLICATE_METHOD_MATCH = YES;
				COPY_PHASE_STRIP = NO;
				DEBUG_INFORMATION_FORMAT = dwarf;
				ENABLE_BITCODE = YES;
				ENABLE_STRICT_OBJC_MSGSEND = YES;
				ENABLE_TESTABILITY = YES;
				GCC_C_LANGUAGE_STANDARD = gnu11;
				GCC_DYNAMIC_NO_PIC = NO;
				GCC_NO_COMMON_BLOCKS = YES;
				GCC_OPTIMIZATION_LEVEL = 0;
				GCC_PREPROCESSOR_DEFINITIONS = (
					"DEBUG=1",
					"$(inherited)",
				);
				GCC_WARN_64_TO_32_BIT_CONVERSION = YES;
				GCC_WARN_ABOUT_RETURN_TYPE = YES_ERROR;
				GCC_WARN_UNDECLARED_SELECTOR = YES;
				GCC_WARN_UNINITIALIZED_AUTOS = YES_AGGRESSIVE;
				GCC_WARN_UNUSED_FUNCTION = YES;
				GCC_WARN_UNUSED_VARIABLE = YES;
				GENERATE_INFOPLIST_FILE = YES;
				INFOPLIST_FILE = "";
				IPHONEOS_DEPLOYMENT_TARGET = 15.0;
				MACOSX_DEPLOYMENT_TARGET = 12.0;
				MARKETING_VERSION = 2.0;
				MTL_ENABLE_DEBUG_INFO = INCLUDE_SOURCE;
				MTL_FAST_MATH = YES;
				ONLY_ACTIVE_ARCH = YES;
				PRODUCT_BUNDLE_IDENTIFIER = com.toddheasley.couchnado;
				PRODUCT_NAME = Couchnado;
				SWIFT_ACTIVE_COMPILATION_CONDITIONS = DEBUG;
				SWIFT_OPTIMIZATION_LEVEL = "-Onone";
				TVOS_DEPLOYMENT_TARGET = 15.0;
				WATCHOS_DEPLOYMENT_TARGET = 8.0;
			};
			name = Debug;
		};
		5CC1A7B126C2EBF700291FD1 /* Release */ = {
			isa = XCBuildConfiguration;
			buildSettings = {
				ALWAYS_SEARCH_USER_PATHS = NO;
				CLANG_ANALYZER_NONNULL = YES;
				CLANG_ANALYZER_NUMBER_OBJECT_CONVERSION = YES_AGGRESSIVE;
				CLANG_CXX_LANGUAGE_STANDARD = "gnu++17";
				CLANG_CXX_LIBRARY = "libc++";
				CLANG_ENABLE_MODULES = YES;
				CLANG_ENABLE_OBJC_ARC = YES;
				CLANG_ENABLE_OBJC_WEAK = YES;
				CLANG_WARN_BLOCK_CAPTURE_AUTORELEASING = YES;
				CLANG_WARN_BOOL_CONVERSION = YES;
				CLANG_WARN_COMMA = YES;
				CLANG_WARN_CONSTANT_CONVERSION = YES;
				CLANG_WARN_DEPRECATED_OBJC_IMPLEMENTATIONS = YES;
				CLANG_WARN_DIRECT_OBJC_ISA_USAGE = YES_ERROR;
				CLANG_WARN_DOCUMENTATION_COMMENTS = YES;
				CLANG_WARN_EMPTY_BODY = YES;
				CLANG_WARN_ENUM_CONVERSION = YES;
				CLANG_WARN_INFINITE_RECURSION = YES;
				CLANG_WARN_INT_CONVERSION = YES;
				CLANG_WARN_NON_LITERAL_NULL_CONVERSION = YES;
				CLANG_WARN_OBJC_IMPLICIT_RETAIN_SELF = YES;
				CLANG_WARN_OBJC_LITERAL_CONVERSION = YES;
				CLANG_WARN_OBJC_ROOT_CLASS = YES_ERROR;
				CLANG_WARN_QUOTED_INCLUDE_IN_FRAMEWORK_HEADER = YES;
				CLANG_WARN_RANGE_LOOP_ANALYSIS = YES;
				CLANG_WARN_STRICT_PROTOTYPES = YES;
				CLANG_WARN_SUSPICIOUS_MOVE = YES;
				CLANG_WARN_UNGUARDED_AVAILABILITY = YES_AGGRESSIVE;
				CLANG_WARN_UNREACHABLE_CODE = YES;
				CLANG_WARN__DUPLICATE_METHOD_MATCH = YES;
				COPY_PHASE_STRIP = NO;
				DEBUG_INFORMATION_FORMAT = "dwarf-with-dsym";
				ENABLE_BITCODE = YES;
				ENABLE_NS_ASSERTIONS = NO;
				ENABLE_STRICT_OBJC_MSGSEND = YES;
				GCC_C_LANGUAGE_STANDARD = gnu11;
				GCC_NO_COMMON_BLOCKS = YES;
				GCC_WARN_64_TO_32_BIT_CONVERSION = YES;
				GCC_WARN_ABOUT_RETURN_TYPE = YES_ERROR;
				GCC_WARN_UNDECLARED_SELECTOR = YES;
				GCC_WARN_UNINITIALIZED_AUTOS = YES_AGGRESSIVE;
				GCC_WARN_UNUSED_FUNCTION = YES;
				GCC_WARN_UNUSED_VARIABLE = YES;
				GENERATE_INFOPLIST_FILE = YES;
				INFOPLIST_FILE = "";
				IPHONEOS_DEPLOYMENT_TARGET = 15.0;
				MACOSX_DEPLOYMENT_TARGET = 12.0;
				MARKETING_VERSION = 2.0;
				MTL_ENABLE_DEBUG_INFO = NO;
				MTL_FAST_MATH = YES;
				PRODUCT_BUNDLE_IDENTIFIER = com.toddheasley.couchnado;
				PRODUCT_NAME = Couchnado;
				SWIFT_COMPILATION_MODE = wholemodule;
				SWIFT_OPTIMIZATION_LEVEL = "-O";
				TVOS_DEPLOYMENT_TARGET = 15.0;
				WATCHOS_DEPLOYMENT_TARGET = 8.0;
			};
			name = Release;
		};
		5CC1A7B326C2EBF700291FD1 /* Debug */ = {
			isa = XCBuildConfiguration;
			buildSettings = {
				ASSETCATALOG_COMPILER_APPICON_NAME = AppIcon;
				ASSETCATALOG_COMPILER_GLOBAL_ACCENT_COLOR_NAME = AccentColor;
				CODE_SIGN_STYLE = Automatic;
				CURRENT_PROJECT_VERSION = 1;
				DEVELOPMENT_TEAM = 9Q3DL72K7D;
				ENABLE_PREVIEWS = YES;
				GENERATE_INFOPLIST_FILE = YES;
				INFOPLIST_FILE = $inherited;
				INFOPLIST_KEY_UIApplicationSceneManifest_Generation = YES;
				INFOPLIST_KEY_UIApplicationSupportsIndirectInputEvents = YES;
				INFOPLIST_KEY_UILaunchScreen_Generation = YES;
				INFOPLIST_KEY_UISupportedInterfaceOrientations_iPad = "UIInterfaceOrientationPortrait UIInterfaceOrientationPortraitUpsideDown UIInterfaceOrientationLandscapeLeft UIInterfaceOrientationLandscapeRight";
				INFOPLIST_KEY_UISupportedInterfaceOrientations_iPhone = UIInterfaceOrientationPortrait;
				IPHONEOS_DEPLOYMENT_TARGET = 15.0;
				LD_RUNPATH_SEARCH_PATHS = (
					"$(inherited)",
					"@executable_path/Frameworks",
				);
				MARKETING_VERSION = "$(MARKETING_VERSION)";
				PRODUCT_BUNDLE_IDENTIFIER = "$(PRODUCT_BUNDLE_IDENTIFIER)";
				PRODUCT_NAME = "$(PRODUCT_NAME:c99extidentifier)";
				SDKROOT = iphoneos;
				SWIFT_EMIT_LOC_STRINGS = YES;
				SWIFT_VERSION = 5.0;
				TARGETED_DEVICE_FAMILY = "1,2";
			};
			name = Debug;
		};
		5CC1A7B426C2EBF700291FD1 /* Release */ = {
			isa = XCBuildConfiguration;
			buildSettings = {
				ASSETCATALOG_COMPILER_APPICON_NAME = AppIcon;
				ASSETCATALOG_COMPILER_GLOBAL_ACCENT_COLOR_NAME = AccentColor;
				CODE_SIGN_STYLE = Automatic;
				CURRENT_PROJECT_VERSION = 1;
				DEVELOPMENT_TEAM = 9Q3DL72K7D;
				ENABLE_PREVIEWS = YES;
				GENERATE_INFOPLIST_FILE = YES;
				INFOPLIST_FILE = $inherited;
				INFOPLIST_KEY_UIApplicationSceneManifest_Generation = YES;
				INFOPLIST_KEY_UIApplicationSupportsIndirectInputEvents = YES;
				INFOPLIST_KEY_UILaunchScreen_Generation = YES;
				INFOPLIST_KEY_UISupportedInterfaceOrientations_iPad = "UIInterfaceOrientationPortrait UIInterfaceOrientationPortraitUpsideDown UIInterfaceOrientationLandscapeLeft UIInterfaceOrientationLandscapeRight";
				INFOPLIST_KEY_UISupportedInterfaceOrientations_iPhone = UIInterfaceOrientationPortrait;
				IPHONEOS_DEPLOYMENT_TARGET = 15.0;
				LD_RUNPATH_SEARCH_PATHS = (
					"$(inherited)",
					"@executable_path/Frameworks",
				);
				MARKETING_VERSION = "$(MARKETING_VERSION)";
				PRODUCT_BUNDLE_IDENTIFIER = "$(PRODUCT_BUNDLE_IDENTIFIER)";
				PRODUCT_NAME = "$(PRODUCT_NAME:c99extidentifier)";
				SDKROOT = iphoneos;
				SWIFT_EMIT_LOC_STRINGS = YES;
				SWIFT_VERSION = 5.0;
				TARGETED_DEVICE_FAMILY = "1,2";
				VALIDATE_PRODUCT = YES;
			};
			name = Release;
		};
		5CC1A7B626C2EBF700291FD1 /* Debug */ = {
			isa = XCBuildConfiguration;
			buildSettings = {
				ASSETCATALOG_COMPILER_APPICON_NAME = AppIcon;
				ASSETCATALOG_COMPILER_GLOBAL_ACCENT_COLOR_NAME = AccentColor;
				CODE_SIGN_STYLE = Automatic;
				COMBINE_HIDPI_IMAGES = YES;
				CURRENT_PROJECT_VERSION = 1;
				DEVELOPMENT_TEAM = 9Q3DL72K7D;
				ENABLE_APP_SANDBOX = YES;
				ENABLE_HARDENED_RUNTIME = YES;
				ENABLE_PREVIEWS = YES;
				ENABLE_USER_SELECTED_FILES = readonly;
				GENERATE_INFOPLIST_FILE = YES;
				INFOPLIST_FILE = $inherited;
				INFOPLIST_KEY_NSHumanReadableCopyright = "";
				LD_RUNPATH_SEARCH_PATHS = (
					"$(inherited)",
					"@executable_path/../Frameworks",
				);
				MACOSX_DEPLOYMENT_TARGET = 12.0;
				MARKETING_VERSION = "$(MARKETING_VERSION)";
				PRODUCT_BUNDLE_IDENTIFIER = "$(PRODUCT_BUNDLE_IDENTIFIER)";
				PRODUCT_NAME = "$(PRODUCT_NAME:c99extidentifier)";
				SDKROOT = macosx;
				SWIFT_EMIT_LOC_STRINGS = YES;
				SWIFT_VERSION = 5.0;
			};
			name = Debug;
		};
		5CC1A7B726C2EBF700291FD1 /* Release */ = {
			isa = XCBuildConfiguration;
			buildSettings = {
				ASSETCATALOG_COMPILER_APPICON_NAME = AppIcon;
				ASSETCATALOG_COMPILER_GLOBAL_ACCENT_COLOR_NAME = AccentColor;
				CODE_SIGN_STYLE = Automatic;
				COMBINE_HIDPI_IMAGES = YES;
				CURRENT_PROJECT_VERSION = 1;
				DEVELOPMENT_TEAM = 9Q3DL72K7D;
				ENABLE_APP_SANDBOX = YES;
				ENABLE_HARDENED_RUNTIME = YES;
				ENABLE_PREVIEWS = YES;
				ENABLE_USER_SELECTED_FILES = readonly;
				GENERATE_INFOPLIST_FILE = YES;
				INFOPLIST_FILE = $inherited;
				INFOPLIST_KEY_NSHumanReadableCopyright = "";
				LD_RUNPATH_SEARCH_PATHS = (
					"$(inherited)",
					"@executable_path/../Frameworks",
				);
				MACOSX_DEPLOYMENT_TARGET = 12.0;
				MARKETING_VERSION = "$(MARKETING_VERSION)";
				PRODUCT_BUNDLE_IDENTIFIER = "$(PRODUCT_BUNDLE_IDENTIFIER)";
				PRODUCT_NAME = "$(PRODUCT_NAME:c99extidentifier)";
				SDKROOT = macosx;
				SWIFT_EMIT_LOC_STRINGS = YES;
				SWIFT_VERSION = 5.0;
			};
			name = Release;
		};
		5CC1A7C926C2EE2500291FD1 /* Debug */ = {
			isa = XCBuildConfiguration;
			buildSettings = {
				ASSETCATALOG_COMPILER_APPICON_NAME = AppIcon;
				ASSETCATALOG_COMPILER_GLOBAL_ACCENT_COLOR_NAME = AccentColor;
				CODE_SIGN_STYLE = Automatic;
				CURRENT_PROJECT_VERSION = 1;
				DEVELOPMENT_ASSET_PATHS = "";
				DEVELOPMENT_TEAM = 9Q3DL72K7D;
				ENABLE_PREVIEWS = YES;
				GENERATE_INFOPLIST_FILE = YES;
				INFOPLIST_FILE = $inherited;
				INFOPLIST_KEY_UILaunchScreen_Generation = YES;
				INFOPLIST_KEY_UIUserInterfaceStyle = Automatic;
				LD_RUNPATH_SEARCH_PATHS = (
					"$(inherited)",
					"@executable_path/Frameworks",
				);
				MARKETING_VERSION = "$(MARKETING_VERSION)";
				PRODUCT_BUNDLE_IDENTIFIER = "$(PRODUCT_BUNDLE_IDENTIFIER)";
				PRODUCT_NAME = "$(PRODUCT_NAME:c99extidentifier)";
				SDKROOT = appletvos;
				SWIFT_EMIT_LOC_STRINGS = YES;
				SWIFT_VERSION = 5.0;
				TARGETED_DEVICE_FAMILY = 3;
				TVOS_DEPLOYMENT_TARGET = 15.0;
			};
			name = Debug;
		};
		5CC1A7CA26C2EE2500291FD1 /* Release */ = {
			isa = XCBuildConfiguration;
			buildSettings = {
				ASSETCATALOG_COMPILER_APPICON_NAME = AppIcon;
				ASSETCATALOG_COMPILER_GLOBAL_ACCENT_COLOR_NAME = AccentColor;
				CODE_SIGN_STYLE = Automatic;
				CURRENT_PROJECT_VERSION = 1;
				DEVELOPMENT_ASSET_PATHS = "";
				DEVELOPMENT_TEAM = 9Q3DL72K7D;
				ENABLE_PREVIEWS = YES;
				GENERATE_INFOPLIST_FILE = YES;
				INFOPLIST_FILE = $inherited;
				INFOPLIST_KEY_UILaunchScreen_Generation = YES;
				INFOPLIST_KEY_UIUserInterfaceStyle = Automatic;
				LD_RUNPATH_SEARCH_PATHS = (
					"$(inherited)",
					"@executable_path/Frameworks",
				);
				MARKETING_VERSION = "$(MARKETING_VERSION)";
				PRODUCT_BUNDLE_IDENTIFIER = "$(PRODUCT_BUNDLE_IDENTIFIER)";
				PRODUCT_NAME = "$(PRODUCT_NAME:c99extidentifier)";
				SDKROOT = appletvos;
				SWIFT_EMIT_LOC_STRINGS = YES;
				SWIFT_VERSION = 5.0;
				TARGETED_DEVICE_FAMILY = 3;
				TVOS_DEPLOYMENT_TARGET = 15.0;
				VALIDATE_PRODUCT = YES;
			};
			name = Release;
		};
/* End XCBuildConfiguration section */

/* Begin XCConfigurationList section */
		5CC1A79A26C2EBF600291FD1 /* Build configuration list for PBXProject "Couchnado" */ = {
			isa = XCConfigurationList;
			buildConfigurations = (
				5CC1A7B026C2EBF700291FD1 /* Debug */,
				5CC1A7B126C2EBF700291FD1 /* Release */,
			);
			defaultConfigurationIsVisible = 0;
			defaultConfigurationName = Release;
		};
		5CC1A7B226C2EBF700291FD1 /* Build configuration list for PBXNativeTarget "Couchnado (iOS)" */ = {
			isa = XCConfigurationList;
			buildConfigurations = (
				5CC1A7B326C2EBF700291FD1 /* Debug */,
				5CC1A7B426C2EBF700291FD1 /* Release */,
			);
			defaultConfigurationIsVisible = 0;
			defaultConfigurationName = Release;
		};
		5CC1A7B526C2EBF700291FD1 /* Build configuration list for PBXNativeTarget "Couchnado (macOS)" */ = {
			isa = XCConfigurationList;
			buildConfigurations = (
				5CC1A7B626C2EBF700291FD1 /* Debug */,
				5CC1A7B726C2EBF700291FD1 /* Release */,
			);
			defaultConfigurationIsVisible = 0;
			defaultConfigurationName = Release;
		};
		5CC1A7C826C2EE2500291FD1 /* Build configuration list for PBXNativeTarget "Couchnado (tvOS)" */ = {
			isa = XCConfigurationList;
			buildConfigurations = (
				5CC1A7C926C2EE2500291FD1 /* Debug */,
				5CC1A7CA26C2EE2500291FD1 /* Release */,
			);
			defaultConfigurationIsVisible = 0;
			defaultConfigurationName = Release;
		};
/* End XCConfigurationList section */

/* Begin XCSwiftPackageProductDependency section */
		5C488F9526C2FF5200D7F05E /* CouchData */ = {
			isa = XCSwiftPackageProductDependency;
			productName = CouchData;
		};
		5C488F9726C2FF5B00D7F05E /* CouchData */ = {
			isa = XCSwiftPackageProductDependency;
			productName = CouchData;
		};
		5C488F9926C2FF7100D7F05E /* CouchData */ = {
			isa = XCSwiftPackageProductDependency;
			productName = CouchData;
		};
/* End XCSwiftPackageProductDependency section */
	};
	rootObject = 5CC1A79726C2EBF600291FD1 /* Project object */;
}
